<Solution>
  <Folder Name="/aspire/">
    <Project Path="Aspire/Aspire.AppHost/Aspire.AppHost.csproj" />
    <Project Path="Aspire/Aspire.ServiceDefaults/Aspire.ServiceDefaults.csproj" />
  </Folder>
  <Folder Name="/Solution Items/">
    <File Path=".env" />
    <File Path="docker-compose.yml" />
  </Folder>
  <Folder Name="/src/" />
  <Folder Name="/src/Ballcom.Contracts/">
    <Project Path="src/contracts/ProductCreatedEvent/Events.csproj" Id="efea50f0-5ec1-407d-abc6-f2381edb3bf2" />
  </Folder>
  <Folder Name="/src/Ballcom.CustomerService/">
    <Project Path="src/Ballcom.CustomerService.Application/Ballcom.CustomerService.Application.csproj" Id="b2416453-f2c8-4792-8950-8d5df180c320" />
    <Project Path="src/Ballcom.CustomerService.Domain/Ballcom.CustomerService.Domain.csproj" Id="375ceb4a-1cdc-4ca5-a8de-05749f78d368" />
    <Project Path="src/Ballcom.CustomerService.Infrastructure/Ballcom.CustomerService.Infrastructure.csproj" Id="ba833fdd-c070-4bdd-997f-193ede272bba" />
    <Project Path="src/Ballcom.CustomerService.WebAPI/Ballcom.CustomerService.WebAPI.csproj" />
  </Folder>
  <Folder Name="/src/Ballcom.Identity/">
    <Project Path="src/Ballcom.Identity.Domain/Ballcom.Identity.Domain.csproj" Id="29344cc4-a42c-4280-9f36-a160f11cc3f9" />
    <Project Path="src/Ballcom.Identity.DomainServices/Ballcom.Identity.DomainServices.csproj" Id="5ff4a1b9-cfba-4563-849c-6390158f9e68" />
    <Project Path="src/Ballcom.Identity.Infrastructure/Ballcom.Identity.Infrastructure.csproj" Id="f9574e7f-cfd7-4863-9cd9-67555033bc42" />
    <Project Path="src/Ballcom.Identity.WebAPI/Ballcom.Identity.WebAPI.csproj" />
  </Folder>
  <Folder Name="/src/Ballcom.Order/">
    <Project Path="src/Ballcom.Order.Application/Ballcom.Order.Application.csproj" Id="102ec4f0-f056-40e8-bf2e-0d5b07e29410" />
    <Project Path="src/Ballcom.Order.Domain/Ballcom.Order.Domain.csproj" Id="444523a6-6f2c-4bb3-9e94-81b0cb098a98" />
    <Project Path="src/Ballcom.Order.Infrastructure/Ballcom.Order.Infrastructure.csproj" Id="ea941e9f-103b-4f0f-a320-36e2a3eb9a57" />
    <Project Path="src/Ballcom.Order.WebAPI/Ballcom.Order.WebAPI.csproj" />
  </Folder>
  <Folder Name="/src/Ballcom.ProductCatalog/">
    <Project Path="src/Ballcom.ProductCatalog.Application/Ballcom.ProductCatalog.Application.csproj" />
    <Project Path="src/Ballcom.ProductCatalog.Domain/Ballcom.ProductCatalog.Domain.csproj" Id="14cf9aba-c757-4e95-9948-957e99627c2a" />
    <Project Path="src/Ballcom.ProductCatalog.Infrastructure/Ballcom.ProductCatalog.Infrastructure.csproj" Id="a63135a2-0e94-46be-af8c-4a306b57b9c3" />
    <Project Path="src/Ballcom.ProductCatalog.WebAPI/Ballcom.ProductCatalog.WebAPI.csproj" />
  </Folder>
  <Folder Name="/src/Ballcom.WorkerService/">
    <Project Path="src/Ballcom.ImportService/Ballcom.ImportService.csproj" />
    <Project Path="src/Ballcom.MigrationService/Ballcom.MigrationService.csproj" />
  </Folder>
</Solution>
